
Microsoft Visual Studio Solution File, Format Version 12.00
# Visual Studio Version 17
VisualStudioVersion = 17.0.31903.59
MinimumVisualStudioVersion = 10.0.40219.1
Project("{FAE04EC0-301F-11D3-BF4B-00C04F79EFBC}") = "MealPlannerTest", "MealPlannerTest\MealPlannerTest.csproj", "{FECED237-4ADB-4ED9-AFD6-CE03DE6F53BD}"
EndProject
Project("{FAE04EC0-301F-11D3-BF4B-00C04F79EFBC}") = "MealPlanner", "MealPlanner\MealPlanner.csproj", "{4825D79B-21B3-4587-B172-A58CF3DB209D}"
EndProject
Global
	GlobalSection(SolutionConfigurationPlatforms) = preSolution
		Debug|Any CPU = Debug|Any CPU
		Release|Any CPU = Release|Any CPU
	EndGlobalSection
	GlobalSection(SolutionProperties) = preSolution
		HideSolutionNode = FALSE
	EndGlobalSection
	GlobalSection(ProjectConfigurationPlatforms) = postSolution
		{A576C291-E35D-45D4-82A5-8440AC497760}.Debug|Any CPU.ActiveCfg = Debug|Any CPU
		{A576C291-E35D-45D4-82A5-8440AC497760}.Debug|Any CPU.Build.0 = Debug|Any CPU
		{A576C291-E35D-45D4-82A5-8440AC497760}.Release|Any CPU.ActiveCfg = Release|Any CPU
		{A576C291-E35D-45D4-82A5-8440AC497760}.Release|Any CPU.Build.0 = Release|Any CPU
		{FECED237-4ADB-4ED9-AFD6-CE03DE6F53BD}.Debug|Any CPU.ActiveCfg = Debug|Any CPU
		{FECED237-4ADB-4ED9-AFD6-CE03DE6F53BD}.Debug|Any CPU.Build.0 = Debug|Any CPU
		{FECED237-4ADB-4ED9-AFD6-CE03DE6F53BD}.Release|Any CPU.ActiveCfg = Release|Any CPU
		{FECED237-4ADB-4ED9-AFD6-CE03DE6F53BD}.Release|Any CPU.Build.0 = Release|Any CPU
		{4825D79B-21B3-4587-B172-A58CF3DB209D}.Debug|Any CPU.ActiveCfg = Debug|Any CPU
		{4825D79B-21B3-4587-B172-A58CF3DB209D}.Debug|Any CPU.Build.0 = Debug|Any CPU
		{4825D79B-21B3-4587-B172-A58CF3DB209D}.Release|Any CPU.ActiveCfg = Release|Any CPU
		{4825D79B-21B3-4587-B172-A58CF3DB209D}.Release|Any CPU.Build.0 = Release|Any CPU
	EndGlobalSection
EndGlobal
